gitlab.devtools.intel.com/sst/isecl/lib/common v0.0.0-20181121191214-b6cb5d0ef496 h1:F149VFsZb87OxJQ3RQO6Fm1UO+KvRYNNcx0o5kK889U=
gitlab.devtools.intel.com/sst/isecl/lib/common v0.0.0-20181121191214-b6cb5d0ef496/go.mod h1:QoBuIKg0Olk/c0420oq1X87FqNfzduAA38tFMqDRU+8=
golang.org/x/sys v0.0.0-20181107165924-66b7b1311ac8 h1:YoY1wS6JYVRpIfFngRf2HHo9R9dAne3xbkGOQ5rJXjU=
golang.org/x/sys v0.0.0-20181107165924-66b7b1311ac8/go.mod h1:STP8DvDyc/dI5b8T5hshtkjS+E42TnysNCUPdjciGhY=
